
Microsoft Visual Studio Solution File, Format Version 12.00
# Visual Studio Version 16
VisualStudioVersion = 16.0.28922.388
MinimumVisualStudioVersion = 10.0.40219.1
Project("{9A19103F-16F7-4668-BE54-9A1E7A4F7556}") = "MainApp", "MainApp\MainApp.csproj", "{658DCCE3-9AB0-46D2-A611-C299319A7EFF}"
EndProject
Project("{9A19103F-16F7-4668-BE54-9A1E7A4F7556}") = "CriptoClass", "CriptoClass\CriptoClass.csproj", "{E1EFFA0D-AEB4-4C4B-93C8-EC6CFCAEF47D}"
EndProject
Project("{FAE04EC0-301F-11D3-BF4B-00C04F79EFBC}") = "TestProgramm", "TestProgramm\TestProgramm.csproj", "{FB44DDF5-E64B-4D51-972A-EA0E87E826F9}"
EndProject
Project("{9A19103F-16F7-4668-BE54-9A1E7A4F7556}") = "CryptographicSecurity", "CryptographicSecurity\CryptographicSecurity.csproj", "{E97C998A-B8F3-4844-B346-7D6500DCE8F0}"
EndProject
Project("{FAE04EC0-301F-11D3-BF4B-00C04F79EFBC}") = "UserInterface", "UserInterface\UserInterface.csproj", "{34BAC066-D99E-4E91-8B00-844A5363928B}"
EndProject
Global
	GlobalSection(SolutionConfigurationPlatforms) = preSolution
		Debug|Any CPU = Debug|Any CPU
		Release|Any CPU = Release|Any CPU
	EndGlobalSection
	GlobalSection(ProjectConfigurationPlatforms) = postSolution
		{658DCCE3-9AB0-46D2-A611-C299319A7EFF}.Debug|Any CPU.ActiveCfg = Debug|Any CPU
		{658DCCE3-9AB0-46D2-A611-C299319A7EFF}.Debug|Any CPU.Build.0 = Debug|Any CPU
		{658DCCE3-9AB0-46D2-A611-C299319A7EFF}.Release|Any CPU.ActiveCfg = Release|Any CPU
		{658DCCE3-9AB0-46D2-A611-C299319A7EFF}.Release|Any CPU.Build.0 = Release|Any CPU
		{E1EFFA0D-AEB4-4C4B-93C8-EC6CFCAEF47D}.Debug|Any CPU.ActiveCfg = Debug|Any CPU
		{E1EFFA0D-AEB4-4C4B-93C8-EC6CFCAEF47D}.Debug|Any CPU.Build.0 = Debug|Any CPU
		{E1EFFA0D-AEB4-4C4B-93C8-EC6CFCAEF47D}.Release|Any CPU.ActiveCfg = Release|Any CPU
		{E1EFFA0D-AEB4-4C4B-93C8-EC6CFCAEF47D}.Release|Any CPU.Build.0 = Release|Any CPU
		{FB44DDF5-E64B-4D51-972A-EA0E87E826F9}.Debug|Any CPU.ActiveCfg = Debug|Any CPU
		{FB44DDF5-E64B-4D51-972A-EA0E87E826F9}.Debug|Any CPU.Build.0 = Debug|Any CPU
		{FB44DDF5-E64B-4D51-972A-EA0E87E826F9}.Release|Any CPU.ActiveCfg = Release|Any CPU
		{FB44DDF5-E64B-4D51-972A-EA0E87E826F9}.Release|Any CPU.Build.0 = Release|Any CPU
		{E97C998A-B8F3-4844-B346-7D6500DCE8F0}.Debug|Any CPU.ActiveCfg = Debug|Any CPU
		{E97C998A-B8F3-4844-B346-7D6500DCE8F0}.Debug|Any CPU.Build.0 = Debug|Any CPU
		{E97C998A-B8F3-4844-B346-7D6500DCE8F0}.Release|Any CPU.ActiveCfg = Release|Any CPU
		{E97C998A-B8F3-4844-B346-7D6500DCE8F0}.Release|Any CPU.Build.0 = Release|Any CPU
		{34BAC066-D99E-4E91-8B00-844A5363928B}.Debug|Any CPU.ActiveCfg = Debug|Any CPU
		{34BAC066-D99E-4E91-8B00-844A5363928B}.Debug|Any CPU.Build.0 = Debug|Any CPU
		{34BAC066-D99E-4E91-8B00-844A5363928B}.Release|Any CPU.ActiveCfg = Release|Any CPU
		{34BAC066-D99E-4E91-8B00-844A5363928B}.Release|Any CPU.Build.0 = Release|Any CPU
	EndGlobalSection
	GlobalSection(SolutionProperties) = preSolution
		HideSolutionNode = FALSE
	EndGlobalSection
	GlobalSection(ExtensibilityGlobals) = postSolution
		SolutionGuid = {C77B1619-B947-437B-8C39-2C9C23AAD62D}
	EndGlobalSection
EndGlobal
